
Microsoft Visual Studio Solution File, Format Version 12.00
# Visual Studio Version 16
VisualStudioVersion = 16.0.30517.126
MinimumVisualStudioVersion = 10.0.40219.1
Project("{FAE04EC0-301F-11D3-BF4B-00C04F79EFBC}") = "HelloWorldGUI", "HelloWorldGUI\HelloWorldGUI.csproj", "{1BCE1DBC-2449-481E-A4D9-9EE226609854}"
EndProject
Global
	GlobalSection(SolutionConfigurationPlatforms) = preSolution
		Debug|Any CPU = Debug|Any CPU
		Release|Any CPU = Release|Any CPU
	EndGlobalSection
	GlobalSection(ProjectConfigurationPlatforms) = postSolution
		{1BCE1DBC-2449-481E-A4D9-9EE226609854}.Debug|Any CPU.ActiveCfg = Debug|Any CPU
		{1BCE1DBC-2449-481E-A4D9-9EE226609854}.Debug|Any CPU.Build.0 = Debug|Any CPU
		{1BCE1DBC-2449-481E-A4D9-9EE226609854}.Release|Any CPU.ActiveCfg = Release|Any CPU
		{1BCE1DBC-2449-481E-A4D9-9EE226609854}.Release|Any CPU.Build.0 = Release|Any CPU
	EndGlobalSection
	GlobalSection(SolutionProperties) = preSolution
		HideSolutionNode = FALSE
	EndGlobalSection
	GlobalSection(ExtensibilityGlobals) = postSolution
		SolutionGuid = {AA95A60D-6113-4445-9AE4-10CEE6174094}
	EndGlobalSection
EndGlobal
